
Microsoft Visual Studio Solution File, Format Version 12.00
# Visual Studio Version 17
VisualStudioVersion = 17.0.32112.339
MinimumVisualStudioVersion = 10.0.40219.1
Project("{2150E333-8FDC-42A3-9474-1A3956D46DE8}") = "OutPath", "OutPath", "{F833730D-5937-43FE-8A13-04313C2EF28E}"
	ProjectSection(SolutionItems) = preProject
		..\.gitignore = ..\.gitignore
		..\create-schema.sql = ..\create-schema.sql
		..\LICENSE = ..\LICENSE
		..\README.md = ..\README.md
	EndProjectSection
EndProject
Project("{FAE04EC0-301F-11D3-BF4B-00C04F79EFBC}") = "BaseConhecimento.Domain", "BaseConhecimento.Domain\BaseConhecimento.Domain.csproj", "{E1E95EC3-6090-467A-9B12-05203E403038}"
EndProject
Project("{FAE04EC0-301F-11D3-BF4B-00C04F79EFBC}") = "BaseConhecimento.App", "BaseConhecimento.App\BaseConhecimento.App.csproj", "{2E121221-B064-4E85-96A5-8DAF07C106C5}"
EndProject
Project("{FAE04EC0-301F-11D3-BF4B-00C04F79EFBC}") = "BaseConhecimento.DomainService", "BaseConhecimento.DomainService\BaseConhecimento.DomainService.csproj", "{A5640D17-62FC-4A15-9D51-0949431E757B}"
EndProject
Global
	GlobalSection(SolutionConfigurationPlatforms) = preSolution
		Debug|Any CPU = Debug|Any CPU
		Release|Any CPU = Release|Any CPU
	EndGlobalSection
	GlobalSection(ProjectConfigurationPlatforms) = postSolution
		{E1E95EC3-6090-467A-9B12-05203E403038}.Debug|Any CPU.ActiveCfg = Debug|Any CPU
		{E1E95EC3-6090-467A-9B12-05203E403038}.Debug|Any CPU.Build.0 = Debug|Any CPU
		{E1E95EC3-6090-467A-9B12-05203E403038}.Release|Any CPU.ActiveCfg = Release|Any CPU
		{E1E95EC3-6090-467A-9B12-05203E403038}.Release|Any CPU.Build.0 = Release|Any CPU
		{2E121221-B064-4E85-96A5-8DAF07C106C5}.Debug|Any CPU.ActiveCfg = Debug|Any CPU
		{2E121221-B064-4E85-96A5-8DAF07C106C5}.Debug|Any CPU.Build.0 = Debug|Any CPU
		{2E121221-B064-4E85-96A5-8DAF07C106C5}.Release|Any CPU.ActiveCfg = Release|Any CPU
		{2E121221-B064-4E85-96A5-8DAF07C106C5}.Release|Any CPU.Build.0 = Release|Any CPU
		{A5640D17-62FC-4A15-9D51-0949431E757B}.Debug|Any CPU.ActiveCfg = Debug|Any CPU
		{A5640D17-62FC-4A15-9D51-0949431E757B}.Debug|Any CPU.Build.0 = Debug|Any CPU
		{A5640D17-62FC-4A15-9D51-0949431E757B}.Release|Any CPU.ActiveCfg = Release|Any CPU
		{A5640D17-62FC-4A15-9D51-0949431E757B}.Release|Any CPU.Build.0 = Release|Any CPU
	EndGlobalSection
	GlobalSection(SolutionProperties) = preSolution
		HideSolutionNode = FALSE
	EndGlobalSection
	GlobalSection(ExtensibilityGlobals) = postSolution
		SolutionGuid = {7FBC9A22-5A62-4C21-B348-4FF27127C0AF}
	EndGlobalSection
EndGlobal
